Microsoft Visual Studio Solution File, Format Version 12.00
# Visual Studio Version 17
VisualStudioVersion = 17.5.2.0
MinimumVisualStudioVersion = 10.0.40219.1
Project("{FAE04EC0-301F-11D3-BF4B-00C04F79EFBC}") = "SyncEkpToCasdoor", "SyncEkpToCasdoor\SyncEkpToCasdoor.csproj", "{58618005-56C3-A368-7322-386C24A4F65F}"
EndProject
Global
	GlobalSection(SolutionConfigurationPlatforms) = preSolution
		Debug|Any CPU = Debug|Any CPU
		Release|Any CPU = Release|Any CPU
	EndGlobalSection
	GlobalSection(ProjectConfigurationPlatforms) = postSolution
		{58618005-56C3-A368-7322-386C24A4F65F}.Debug|Any CPU.ActiveCfg = Debug|Any CPU
		{58618005-56C3-A368-7322-386C24A4F65F}.Debug|Any CPU.Build.0 = Debug|Any CPU
		{58618005-56C3-A368-7322-386C24A4F65F}.Release|Any CPU.ActiveCfg = Release|Any CPU
		{58618005-56C3-A368-7322-386C24A4F65F}.Release|Any CPU.Build.0 = Release|Any CPU
	EndGlobalSection
	GlobalSection(SolutionProperties) = preSolution
		HideSolutionNode = FALSE
	EndGlobalSection
	GlobalSection(ExtensibilityGlobals) = postSolution
		SolutionGuid = {26140AC8-7ABC-4926-A468-74A033938609}
	EndGlobalSection
EndGlobal
